
Microsoft Visual Studio Solution File, Format Version 12.00
# Visual Studio Version 16
VisualStudioVersion = 16.0.30711.63
MinimumVisualStudioVersion = 10.0.40219.1
Project("{FAE04EC0-301F-11D3-BF4B-00C04F79EFBC}") = "SpaceEcoFiles", "SpaceEcoFiles\SpaceEcoFiles.csproj", "{65D3AA0F-A46C-4078-BC84-FF4DC2CD34F0}"
EndProject
Global
	GlobalSection(SolutionConfigurationPlatforms) = preSolution
		Debug|Any CPU = Debug|Any CPU
		Release|Any CPU = Release|Any CPU
	EndGlobalSection
	GlobalSection(ProjectConfigurationPlatforms) = postSolution
		{65D3AA0F-A46C-4078-BC84-FF4DC2CD34F0}.Debug|Any CPU.ActiveCfg = Debug|Any CPU
		{65D3AA0F-A46C-4078-BC84-FF4DC2CD34F0}.Debug|Any CPU.Build.0 = Debug|Any CPU
		{65D3AA0F-A46C-4078-BC84-FF4DC2CD34F0}.Release|Any CPU.ActiveCfg = Release|Any CPU
		{65D3AA0F-A46C-4078-BC84-FF4DC2CD34F0}.Release|Any CPU.Build.0 = Release|Any CPU
	EndGlobalSection
	GlobalSection(SolutionProperties) = preSolution
		HideSolutionNode = FALSE
	EndGlobalSection
	GlobalSection(ExtensibilityGlobals) = postSolution
		SolutionGuid = {7E857B45-55FB-4B01-B765-F64B3B70A557}
	EndGlobalSection
EndGlobal
